
Microsoft Visual Studio Solution File, Format Version 12.00
# Visual Studio Version 17
VisualStudioVersion = 17.8.34309.116
MinimumVisualStudioVersion = 10.0.40219.1
Project("{8BC9CEB8-8B4A-11D0-8D11-00A0C91BC942}") = "三子棋", "三子棋\三子棋.vcxproj", "{E2D97BE8-12CF-44CA-8665-335B463DCC87}"
EndProject
Global
	GlobalSection(SolutionConfigurationPlatforms) = preSolution
		Debug|x64 = Debug|x64
		Debug|x86 = Debug|x86
		Release|x64 = Release|x64
		Release|x86 = Release|x86
	EndGlobalSection
	GlobalSection(ProjectConfigurationPlatforms) = postSolution
		{E2D97BE8-12CF-44CA-8665-335B463DCC87}.Debug|x64.ActiveCfg = Debug|x64
		{E2D97BE8-12CF-44CA-8665-335B463DCC87}.Debug|x64.Build.0 = Debug|x64
		{E2D97BE8-12CF-44CA-8665-335B463DCC87}.Debug|x86.ActiveCfg = Debug|Win32
		{E2D97BE8-12CF-44CA-8665-335B463DCC87}.Debug|x86.Build.0 = Debug|Win32
		{E2D97BE8-12CF-44CA-8665-335B463DCC87}.Release|x64.ActiveCfg = Release|x64
		{E2D97BE8-12CF-44CA-8665-335B463DCC87}.Release|x64.Build.0 = Release|x64
		{E2D97BE8-12CF-44CA-8665-335B463DCC87}.Release|x86.ActiveCfg = Release|Win32
		{E2D97BE8-12CF-44CA-8665-335B463DCC87}.Release|x86.Build.0 = Release|Win32
	EndGlobalSection
	GlobalSection(SolutionProperties) = preSolution
		HideSolutionNode = FALSE
	EndGlobalSection
	GlobalSection(ExtensibilityGlobals) = postSolution
		SolutionGuid = {5F329BA1-796A-4553-924D-A1DDAA88A6B4}
	EndGlobalSection
EndGlobal
